
Microsoft Visual Studio Solution File, Format Version 12.00
Project("{FAE04EC0-301F-11D3-BF4B-00C04F79EFBC}") = "Serpent.Server", "Serpent.Server\Serpent.Server.csproj", "{E0CFE073-4077-46CD-9404-8FD5D6E4AFBF}"
EndProject
Global
	GlobalSection(SolutionConfigurationPlatforms) = preSolution
		Debug|Any CPU = Debug|Any CPU
		Release|Any CPU = Release|Any CPU
	EndGlobalSection
	GlobalSection(ProjectConfigurationPlatforms) = postSolution
		{E0CFE073-4077-46CD-9404-8FD5D6E4AFBF}.Debug|Any CPU.ActiveCfg = Debug|Any CPU
		{E0CFE073-4077-46CD-9404-8FD5D6E4AFBF}.Debug|Any CPU.Build.0 = Debug|Any CPU
		{E0CFE073-4077-46CD-9404-8FD5D6E4AFBF}.Release|Any CPU.ActiveCfg = Release|Any CPU
		{E0CFE073-4077-46CD-9404-8FD5D6E4AFBF}.Release|Any CPU.Build.0 = Release|Any CPU
	EndGlobalSection
EndGlobal
